<?xml version="1.0" encoding="utf-8"?>
<Project ToolsVersion="4.0" xmlns="http://schemas.microsoft.com/developer/msbuild/2003">
  <ItemGroup>
    <ClCompile Include="Src\Camera.c" />
    <ClCompile Include="Src\game.c" />
    <ClCompile Include="Src\main.c" />
    <ClCompile Include="Src\map.c" />
    <ClCompile Include="Src\player.c" />
    <ClCompile Include="Src\utils.c" />
    <ClCompile Include="Src\Mob.c" />
    <ClCompile Include="Src\Playground.c" />
    <ClCompile Include="Src\Items.c" />
  </ItemGroup>
  <ItemGroup>
    <ClInclude Include="Inc\Camera.h" />
    <ClInclude Include="Inc\game.h" />
    <ClInclude Include="Inc\map.h" />
    <ClInclude Include="Inc\player.h" />
    <ClInclude Include="Inc\utils.h" />
    <ClInclude Include="Inc\Mob.h" />
    <ClInclude Include="Inc\Playground.h" />
    <ClInclude Include="Inc\Items.h" />
  </ItemGroup>
  <ItemGroup>
    <Image Include="Assests\DigiPen_Singapore_WEB_RED.png" />
  </ItemGroup>
</Project>